
Microsoft Visual Studio Solution File, Format Version 12.00
# Visual Studio Version 16
VisualStudioVersion = 16.0.29306.81
MinimumVisualStudioVersion = 10.0.40219.1
Project("{9A19103F-16F7-4668-BE54-9A1E7A4F7556}") = "Tricycle.Diagnostics", "Tricycle.Diagnostics\Tricycle.Diagnostics.csproj", "{B08428F2-A465-42D6-97EA-0215B8DC374C}"
EndProject
Project("{9A19103F-16F7-4668-BE54-9A1E7A4F7556}") = "Tricycle.Diagnostics.Tests", "Tricycle.Diagnostics.Tests\Tricycle.Diagnostics.Tests.csproj", "{879190C0-6B1B-4BC9-BB81-2711CD2A766B}"
EndProject
Project("{9A19103F-16F7-4668-BE54-9A1E7A4F7556}") = "Tricycle.IO", "Tricycle.IO\Tricycle.IO.csproj", "{69BBE676-D689-42FE-8DCA-A9731621969D}"
EndProject
Project("{9A19103F-16F7-4668-BE54-9A1E7A4F7556}") = "Tricycle.Media", "Tricycle.Media\Tricycle.Media.csproj", "{9411F41C-A495-42BC-B437-50E5B474B5E8}"
EndProject
Project("{9A19103F-16F7-4668-BE54-9A1E7A4F7556}") = "Tricycle.Media.FFmpeg", "Tricycle.Media.FFmpeg\Tricycle.Media.FFmpeg.csproj", "{2B191250-2F2F-4D18-A261-D8AEF2B0130A}"
EndProject
Project("{9A19103F-16F7-4668-BE54-9A1E7A4F7556}") = "Tricycle.Media.FFmpeg.Tests", "Tricycle.Media.FFmpeg.Tests\Tricycle.Media.FFmpeg.Tests.csproj", "{B8281624-76A1-42F6-9560-E3B56617BC7F}"
EndProject
Project("{9A19103F-16F7-4668-BE54-9A1E7A4F7556}") = "Tricycle.Models", "Tricycle.Models\Tricycle.Models.csproj", "{FE0CFF73-E3B1-4F53-9156-3F3C44D9BD7A}"
EndProject
Project("{9A19103F-16F7-4668-BE54-9A1E7A4F7556}") = "Tricycle.UI", "Tricycle.UI\Tricycle.UI.csproj", "{026E72CA-AC6B-4FE2-8470-CD2DFA44E4C2}"
EndProject
Project("{9A19103F-16F7-4668-BE54-9A1E7A4F7556}") = "Tricycle.UI.Tests", "Tricycle.UI.Tests\Tricycle.UI.Tests.csproj", "{DF53056D-BA70-444F-823B-2C1B051CC0C0}"
EndProject
Project("{9A19103F-16F7-4668-BE54-9A1E7A4F7556}") = "Tricycle.Utilities", "Tricycle.Utilities\Tricycle.Utilities.csproj", "{BCDCA2A1-B725-4325-8E78-025E44EC6A49}"
EndProject
Project("{9A19103F-16F7-4668-BE54-9A1E7A4F7556}") = "Tricycle.Utilities.Tests", "Tricycle.Utilities.Tests\Tricycle.Utilities.Tests.csproj", "{23A1532E-F913-4878-A50A-3438D55CA4B2}"
EndProject
Project("{FAE04EC0-301F-11D3-BF4B-00C04F79EFBC}") = "Tricycle.UI.Windows", "Tricycle.UI.Windows\Tricycle.UI.Windows.csproj", "{1488A55F-FF32-4747-95B4-37CC3853FBA4}"
EndProject
Project("{FAE04EC0-301F-11D3-BF4B-00C04F79EFBC}") = "Tricycle.IO.Windows", "Tricycle.IO.Windows\Tricycle.IO.Windows.csproj", "{B60D6B8B-E1E5-4344-AE78-050D7631787F}"
EndProject
Project("{54435603-DBB4-11D2-8724-00A0C9A8B90C}") = "Tricycle.Windows.Setup", "Tricycle.Windows.Setup\Tricycle.Windows.Setup.vdproj", "{B86C7269-21FB-477B-BE3F-7795A8E72B37}"
EndProject
Project("{9A19103F-16F7-4668-BE54-9A1E7A4F7556}") = "Tricycle.IO.Tests", "Tricycle.IO.Tests\Tricycle.IO.Tests.csproj", "{18CCE755-25DF-405C-9E3C-FD694AD70C42}"
EndProject
Project("{9A19103F-16F7-4668-BE54-9A1E7A4F7556}") = "Tricycle.Globalization", "Tricycle.Globalization\Tricycle.Globalization.csproj", "{A84A5B36-AE20-4B84-AC24-0F5DAC89D832}"
EndProject
Project("{9A19103F-16F7-4668-BE54-9A1E7A4F7556}") = "Tricycle.Globalization.Tests", "Tricycle.Globalization.Tests\Tricycle.Globalization.Tests.csproj", "{B74ACEEE-1390-42EF-AB4E-ED93C89AC8B4}"
EndProject
Project("{FAE04EC0-301F-11D3-BF4B-00C04F79EFBC}") = "Tricycle.IO.UWP", "Tricycle.IO.UWP\Tricycle.IO.UWP.csproj", "{08656788-8D50-483A-AA6C-CFBA56EAAB7A}"
EndProject
Project("{FAE04EC0-301F-11D3-BF4B-00C04F79EFBC}") = "Tricycle.UI.UWP", "Tricycle.UI.UWP\Tricycle.UI.UWP.csproj", "{DDB17B31-D92B-45E0-B010-00112CA21D10}"
EndProject
Project("{FAE04EC0-301F-11D3-BF4B-00C04F79EFBC}") = "Tricycle.Diagnostics.Bridge", "Tricycle.Diagnostics.Bridge\Tricycle.Diagnostics.Bridge.csproj", "{C175841F-C9AA-4BD2-B209-1ACD64674EAA}"
EndProject
Project("{FAE04EC0-301F-11D3-BF4B-00C04F79EFBC}") = "Tricycle.Bridge", "Tricycle.Bridge\Tricycle.Bridge.csproj", "{F294B42A-5CF1-4F5E-8CE6-EFB88BAD11B2}"
EndProject
Project("{FAE04EC0-301F-11D3-BF4B-00C04F79EFBC}") = "Tricycle.Bridge.Console", "Tricycle.Bridge.Console\Tricycle.Bridge.Console.csproj", "{7BF68B11-A852-4E33-9807-96805E53F8F9}"
EndProject
Global
	GlobalSection(SolutionConfigurationPlatforms) = preSolution
		Debug|Any CPU = Debug|Any CPU
		Debug|ARM = Debug|ARM
		Debug|ARM64 = Debug|ARM64
		Debug|x64 = Debug|x64
		Debug|x86 = Debug|x86
		Release|Any CPU = Release|Any CPU
		Release|ARM = Release|ARM
		Release|ARM64 = Release|ARM64
		Release|x64 = Release|x64
		Release|x86 = Release|x86
	EndGlobalSection
	GlobalSection(ProjectConfigurationPlatforms) = postSolution
		{B08428F2-A465-42D6-97EA-0215B8DC374C}.Debug|Any CPU.ActiveCfg = Debug|Any CPU
		{B08428F2-A465-42D6-97EA-0215B8DC374C}.Debug|Any CPU.Build.0 = Debug|Any CPU
		{B08428F2-A465-42D6-97EA-0215B8DC374C}.Debug|ARM.ActiveCfg = Debug|Any CPU
		{B08428F2-A465-42D6-97EA-0215B8DC374C}.Debug|ARM.Build.0 = Debug|Any CPU
		{B08428F2-A465-42D6-97EA-0215B8DC374C}.Debug|ARM64.ActiveCfg = Debug|Any CPU
		{B08428F2-A465-42D6-97EA-0215B8DC374C}.Debug|ARM64.Build.0 = Debug|Any CPU
		{B08428F2-A465-42D6-97EA-0215B8DC374C}.Debug|x64.ActiveCfg = Debug|Any CPU
		{B08428F2-A465-42D6-97EA-0215B8DC374C}.Debug|x64.Build.0 = Debug|Any CPU
		{B08428F2-A465-42D6-97EA-0215B8DC374C}.Debug|x86.ActiveCfg = Debug|Any CPU
		{B08428F2-A465-42D6-97EA-0215B8DC374C}.Debug|x86.Build.0 = Debug|Any CPU
		{B08428F2-A465-42D6-97EA-0215B8DC374C}.Release|Any CPU.ActiveCfg = Release|Any CPU
		{B08428F2-A465-42D6-97EA-0215B8DC374C}.Release|Any CPU.Build.0 = Release|Any CPU
		{B08428F2-A465-42D6-97EA-0215B8DC374C}.Release|ARM.ActiveCfg = Release|Any CPU
		{B08428F2-A465-42D6-97EA-0215B8DC374C}.Release|ARM.Build.0 = Release|Any CPU
		{B08428F2-A465-42D6-97EA-0215B8DC374C}.Release|ARM64.ActiveCfg = Release|Any CPU
		{B08428F2-A465-42D6-97EA-0215B8DC374C}.Release|ARM64.Build.0 = Release|Any CPU
		{B08428F2-A465-42D6-97EA-0215B8DC374C}.Release|x64.ActiveCfg = Release|Any CPU
		{B08428F2-A465-42D6-97EA-0215B8DC374C}.Release|x64.Build.0 = Release|Any CPU
		{B08428F2-A465-42D6-97EA-0215B8DC374C}.Release|x86.ActiveCfg = Release|Any CPU
		{B08428F2-A465-42D6-97EA-0215B8DC374C}.Release|x86.Build.0 = Release|Any CPU
		{879190C0-6B1B-4BC9-BB81-2711CD2A766B}.Debug|Any CPU.ActiveCfg = Debug|Any CPU
		{879190C0-6B1B-4BC9-BB81-2711CD2A766B}.Debug|Any CPU.Build.0 = Debug|Any CPU
		{879190C0-6B1B-4BC9-BB81-2711CD2A766B}.Debug|ARM.ActiveCfg = Debug|Any CPU
		{879190C0-6B1B-4BC9-BB81-2711CD2A766B}.Debug|ARM.Build.0 = Debug|Any CPU
		{879190C0-6B1B-4BC9-BB81-2711CD2A766B}.Debug|ARM64.ActiveCfg = Debug|Any CPU
		{879190C0-6B1B-4BC9-BB81-2711CD2A766B}.Debug|ARM64.Build.0 = Debug|Any CPU
		{879190C0-6B1B-4BC9-BB81-2711CD2A766B}.Debug|x64.ActiveCfg = Debug|Any CPU
		{879190C0-6B1B-4BC9-BB81-2711CD2A766B}.Debug|x64.Build.0 = Debug|Any CPU
		{879190C0-6B1B-4BC9-BB81-2711CD2A766B}.Debug|x86.ActiveCfg = Debug|Any CPU
		{879190C0-6B1B-4BC9-BB81-2711CD2A766B}.Debug|x86.Build.0 = Debug|Any CPU
		{879190C0-6B1B-4BC9-BB81-2711CD2A766B}.Release|Any CPU.ActiveCfg = Release|Any CPU
		{879190C0-6B1B-4BC9-BB81-2711CD2A766B}.Release|Any CPU.Build.0 = Release|Any CPU
		{879190C0-6B1B-4BC9-BB81-2711CD2A766B}.Release|ARM.ActiveCfg = Release|Any CPU
		{879190C0-6B1B-4BC9-BB81-2711CD2A766B}.Release|ARM.Build.0 = Release|Any CPU
		{879190C0-6B1B-4BC9-BB81-2711CD2A766B}.Release|ARM64.ActiveCfg = Release|Any CPU
		{879190C0-6B1B-4BC9-BB81-2711CD2A766B}.Release|ARM64.Build.0 = Release|Any CPU
		{879190C0-6B1B-4BC9-BB81-2711CD2A766B}.Release|x64.ActiveCfg = Release|Any CPU
		{879190C0-6B1B-4BC9-BB81-2711CD2A766B}.Release|x64.Build.0 = Release|Any CPU
		{879190C0-6B1B-4BC9-BB81-2711CD2A766B}.Release|x86.ActiveCfg = Release|Any CPU
		{879190C0-6B1B-4BC9-BB81-2711CD2A766B}.Release|x86.Build.0 = Release|Any CPU
		{69BBE676-D689-42FE-8DCA-A9731621969D}.Debug|Any CPU.ActiveCfg = Debug|Any CPU
		{69BBE676-D689-42FE-8DCA-A9731621969D}.Debug|Any CPU.Build.0 = Debug|Any CPU
		{69BBE676-D689-42FE-8DCA-A9731621969D}.Debug|ARM.ActiveCfg = Debug|Any CPU
		{69BBE676-D689-42FE-8DCA-A9731621969D}.Debug|ARM.Build.0 = Debug|Any CPU
		{69BBE676-D689-42FE-8DCA-A9731621969D}.Debug|ARM64.ActiveCfg = Debug|Any CPU
		{69BBE676-D689-42FE-8DCA-A9731621969D}.Debug|ARM64.Build.0 = Debug|Any CPU
		{69BBE676-D689-42FE-8DCA-A9731621969D}.Debug|x64.ActiveCfg = Debug|Any CPU
		{69BBE676-D689-42FE-8DCA-A9731621969D}.Debug|x64.Build.0 = Debug|Any CPU
		{69BBE676-D689-42FE-8DCA-A9731621969D}.Debug|x86.ActiveCfg = Debug|Any CPU
		{69BBE676-D689-42FE-8DCA-A9731621969D}.Debug|x86.Build.0 = Debug|Any CPU
		{69BBE676-D689-42FE-8DCA-A9731621969D}.Release|Any CPU.ActiveCfg = Release|Any CPU
		{69BBE676-D689-42FE-8DCA-A9731621969D}.Release|Any CPU.Build.0 = Release|Any CPU
		{69BBE676-D689-42FE-8DCA-A9731621969D}.Release|ARM.ActiveCfg = Release|Any CPU
		{69BBE676-D689-42FE-8DCA-A9731621969D}.Release|ARM.Build.0 = Release|Any CPU
		{69BBE676-D689-42FE-8DCA-A9731621969D}.Release|ARM64.ActiveCfg = Release|Any CPU
		{69BBE676-D689-42FE-8DCA-A9731621969D}.Release|ARM64.Build.0 = Release|Any CPU
		{69BBE676-D689-42FE-8DCA-A9731621969D}.Release|x64.ActiveCfg = Release|Any CPU
		{69BBE676-D689-42FE-8DCA-A9731621969D}.Release|x64.Build.0 = Release|Any CPU
		{69BBE676-D689-42FE-8DCA-A9731621969D}.Release|x86.ActiveCfg = Release|Any CPU
		{69BBE676-D689-42FE-8DCA-A9731621969D}.Release|x86.Build.0 = Release|Any CPU
		{9411F41C-A495-42BC-B437-50E5B474B5E8}.Debug|Any CPU.ActiveCfg = Debug|Any CPU
		{9411F41C-A495-42BC-B437-50E5B474B5E8}.Debug|Any CPU.Build.0 = Debug|Any CPU
		{9411F41C-A495-42BC-B437-50E5B474B5E8}.Debug|ARM.ActiveCfg = Debug|Any CPU
		{9411F41C-A495-42BC-B437-50E5B474B5E8}.Debug|ARM.Build.0 = Debug|Any CPU
		{9411F41C-A495-42BC-B437-50E5B474B5E8}.Debug|ARM64.ActiveCfg = Debug|Any CPU
		{9411F41C-A495-42BC-B437-50E5B474B5E8}.Debug|ARM64.Build.0 = Debug|Any CPU
		{9411F41C-A495-42BC-B437-50E5B474B5E8}.Debug|x64.ActiveCfg = Debug|Any CPU
		{9411F41C-A495-42BC-B437-50E5B474B5E8}.Debug|x64.Build.0 = Debug|Any CPU
		{9411F41C-A495-42BC-B437-50E5B474B5E8}.Debug|x86.ActiveCfg = Debug|Any CPU
		{9411F41C-A495-42BC-B437-50E5B474B5E8}.Debug|x86.Build.0 = Debug|Any CPU
		{9411F41C-A495-42BC-B437-50E5B474B5E8}.Release|Any CPU.ActiveCfg = Release|Any CPU
		{9411F41C-A495-42BC-B437-50E5B474B5E8}.Release|Any CPU.Build.0 = Release|Any CPU
		{9411F41C-A495-42BC-B437-50E5B474B5E8}.Release|ARM.ActiveCfg = Release|Any CPU
		{9411F41C-A495-42BC-B437-50E5B474B5E8}.Release|ARM.Build.0 = Release|Any CPU
		{9411F41C-A495-42BC-B437-50E5B474B5E8}.Release|ARM64.ActiveCfg = Release|Any CPU
		{9411F41C-A495-42BC-B437-50E5B474B5E8}.Release|ARM64.Build.0 = Release|Any CPU
		{9411F41C-A495-42BC-B437-50E5B474B5E8}.Release|x64.ActiveCfg = Release|Any CPU
		{9411F41C-A495-42BC-B437-50E5B474B5E8}.Release|x64.Build.0 = Release|Any CPU
		{9411F41C-A495-42BC-B437-50E5B474B5E8}.Release|x86.ActiveCfg = Release|Any CPU
		{9411F41C-A495-42BC-B437-50E5B474B5E8}.Release|x86.Build.0 = Release|Any CPU
		{2B191250-2F2F-4D18-A261-D8AEF2B0130A}.Debug|Any CPU.ActiveCfg = Debug|Any CPU
		{2B191250-2F2F-4D18-A261-D8AEF2B0130A}.Debug|Any CPU.Build.0 = Debug|Any CPU
		{2B191250-2F2F-4D18-A261-D8AEF2B0130A}.Debug|ARM.ActiveCfg = Debug|Any CPU
		{2B191250-2F2F-4D18-A261-D8AEF2B0130A}.Debug|ARM.Build.0 = Debug|Any CPU
		{2B191250-2F2F-4D18-A261-D8AEF2B0130A}.Debug|ARM64.ActiveCfg = Debug|Any CPU
		{2B191250-2F2F-4D18-A261-D8AEF2B0130A}.Debug|ARM64.Build.0 = Debug|Any CPU
		{2B191250-2F2F-4D18-A261-D8AEF2B0130A}.Debug|x64.ActiveCfg = Debug|Any CPU
		{2B191250-2F2F-4D18-A261-D8AEF2B0130A}.Debug|x64.Build.0 = Debug|Any CPU
		{2B191250-2F2F-4D18-A261-D8AEF2B0130A}.Debug|x86.ActiveCfg = Debug|Any CPU
		{2B191250-2F2F-4D18-A261-D8AEF2B0130A}.Debug|x86.Build.0 = Debug|Any CPU
		{2B191250-2F2F-4D18-A261-D8AEF2B0130A}.Release|Any CPU.ActiveCfg = Release|Any CPU
		{2B191250-2F2F-4D18-A261-D8AEF2B0130A}.Release|Any CPU.Build.0 = Release|Any CPU
		{2B191250-2F2F-4D18-A261-D8AEF2B0130A}.Release|ARM.ActiveCfg = Release|Any CPU
		{2B191250-2F2F-4D18-A261-D8AEF2B0130A}.Release|ARM.Build.0 = Release|Any CPU
		{2B191250-2F2F-4D18-A261-D8AEF2B0130A}.Release|ARM64.ActiveCfg = Release|Any CPU
		{2B191250-2F2F-4D18-A261-D8AEF2B0130A}.Release|ARM64.Build.0 = Release|Any CPU
		{2B191250-2F2F-4D18-A261-D8AEF2B0130A}.Release|x64.ActiveCfg = Release|Any CPU
		{2B191250-2F2F-4D18-A261-D8AEF2B0130A}.Release|x64.Build.0 = Release|Any CPU
		{2B191250-2F2F-4D18-A261-D8AEF2B0130A}.Release|x86.ActiveCfg = Release|Any CPU
		{2B191250-2F2F-4D18-A261-D8AEF2B0130A}.Release|x86.Build.0 = Release|Any CPU
		{B8281624-76A1-42F6-9560-E3B56617BC7F}.Debug|Any CPU.ActiveCfg = Debug|Any CPU
		{B8281624-76A1-42F6-9560-E3B56617BC7F}.Debug|Any CPU.Build.0 = Debug|Any CPU
		{B8281624-76A1-42F6-9560-E3B56617BC7F}.Debug|ARM.ActiveCfg = Debug|Any CPU
		{B8281624-76A1-42F6-9560-E3B56617BC7F}.Debug|ARM.Build.0 = Debug|Any CPU
		{B8281624-76A1-42F6-9560-E3B56617BC7F}.Debug|ARM64.ActiveCfg = Debug|Any CPU
		{B8281624-76A1-42F6-9560-E3B56617BC7F}.Debug|ARM64.Build.0 = Debug|Any CPU
		{B8281624-76A1-42F6-9560-E3B56617BC7F}.Debug|x64.ActiveCfg = Debug|Any CPU
		{B8281624-76A1-42F6-9560-E3B56617BC7F}.Debug|x64.Build.0 = Debug|Any CPU
		{B8281624-76A1-42F6-9560-E3B56617BC7F}.Debug|x86.ActiveCfg = Debug|Any CPU
		{B8281624-76A1-42F6-9560-E3B56617BC7F}.Debug|x86.Build.0 = Debug|Any CPU
		{B8281624-76A1-42F6-9560-E3B56617BC7F}.Release|Any CPU.ActiveCfg = Release|Any CPU
		{B8281624-76A1-42F6-9560-E3B56617BC7F}.Release|Any CPU.Build.0 = Release|Any CPU
		{B8281624-76A1-42F6-9560-E3B56617BC7F}.Release|ARM.ActiveCfg = Release|Any CPU
		{B8281624-76A1-42F6-9560-E3B56617BC7F}.Release|ARM.Build.0 = Release|Any CPU
		{B8281624-76A1-42F6-9560-E3B56617BC7F}.Release|ARM64.ActiveCfg = Release|Any CPU
		{B8281624-76A1-42F6-9560-E3B56617BC7F}.Release|ARM64.Build.0 = Release|Any CPU
		{B8281624-76A1-42F6-9560-E3B56617BC7F}.Release|x64.ActiveCfg = Release|Any CPU
		{B8281624-76A1-42F6-9560-E3B56617BC7F}.Release|x64.Build.0 = Release|Any CPU
		{B8281624-76A1-42F6-9560-E3B56617BC7F}.Release|x86.ActiveCfg = Release|Any CPU
		{B8281624-76A1-42F6-9560-E3B56617BC7F}.Release|x86.Build.0 = Release|Any CPU
		{FE0CFF73-E3B1-4F53-9156-3F3C44D9BD7A}.Debug|Any CPU.ActiveCfg = Debug|Any CPU
		{FE0CFF73-E3B1-4F53-9156-3F3C44D9BD7A}.Debug|Any CPU.Build.0 = Debug|Any CPU
		{FE0CFF73-E3B1-4F53-9156-3F3C44D9BD7A}.Debug|ARM.ActiveCfg = Debug|Any CPU
		{FE0CFF73-E3B1-4F53-9156-3F3C44D9BD7A}.Debug|ARM.Build.0 = Debug|Any CPU
		{FE0CFF73-E3B1-4F53-9156-3F3C44D9BD7A}.Debug|ARM64.ActiveCfg = Debug|Any CPU
		{FE0CFF73-E3B1-4F53-9156-3F3C44D9BD7A}.Debug|ARM64.Build.0 = Debug|Any CPU
		{FE0CFF73-E3B1-4F53-9156-3F3C44D9BD7A}.Debug|x64.ActiveCfg = Debug|Any CPU
		{FE0CFF73-E3B1-4F53-9156-3F3C44D9BD7A}.Debug|x64.Build.0 = Debug|Any CPU
		{FE0CFF73-E3B1-4F53-9156-3F3C44D9BD7A}.Debug|x86.ActiveCfg = Debug|Any CPU
		{FE0CFF73-E3B1-4F53-9156-3F3C44D9BD7A}.Debug|x86.Build.0 = Debug|Any CPU
		{FE0CFF73-E3B1-4F53-9156-3F3C44D9BD7A}.Release|Any CPU.ActiveCfg = Release|Any CPU
		{FE0CFF73-E3B1-4F53-9156-3F3C44D9BD7A}.Release|Any CPU.Build.0 = Release|Any CPU
		{FE0CFF73-E3B1-4F53-9156-3F3C44D9BD7A}.Release|ARM.ActiveCfg = Release|Any CPU
		{FE0CFF73-E3B1-4F53-9156-3F3C44D9BD7A}.Release|ARM.Build.0 = Release|Any CPU
		{FE0CFF73-E3B1-4F53-9156-3F3C44D9BD7A}.Release|ARM64.ActiveCfg = Release|Any CPU
		{FE0CFF73-E3B1-4F53-9156-3F3C44D9BD7A}.Release|ARM64.Build.0 = Release|Any CPU
		{FE0CFF73-E3B1-4F53-9156-3F3C44D9BD7A}.Release|x64.ActiveCfg = Release|Any CPU
		{FE0CFF73-E3B1-4F53-9156-3F3C44D9BD7A}.Release|x64.Build.0 = Release|Any CPU
		{FE0CFF73-E3B1-4F53-9156-3F3C44D9BD7A}.Release|x86.ActiveCfg = Release|Any CPU
		{FE0CFF73-E3B1-4F53-9156-3F3C44D9BD7A}.Release|x86.Build.0 = Release|Any CPU
		{026E72CA-AC6B-4FE2-8470-CD2DFA44E4C2}.Debug|Any CPU.ActiveCfg = Debug|Any CPU
		{026E72CA-AC6B-4FE2-8470-CD2DFA44E4C2}.Debug|Any CPU.Build.0 = Debug|Any CPU
		{026E72CA-AC6B-4FE2-8470-CD2DFA44E4C2}.Debug|ARM.ActiveCfg = Debug|Any CPU
		{026E72CA-AC6B-4FE2-8470-CD2DFA44E4C2}.Debug|ARM.Build.0 = Debug|Any CPU
		{026E72CA-AC6B-4FE2-8470-CD2DFA44E4C2}.Debug|ARM64.ActiveCfg = Debug|Any CPU
		{026E72CA-AC6B-4FE2-8470-CD2DFA44E4C2}.Debug|ARM64.Build.0 = Debug|Any CPU
		{026E72CA-AC6B-4FE2-8470-CD2DFA44E4C2}.Debug|x64.ActiveCfg = Debug|Any CPU
		{026E72CA-AC6B-4FE2-8470-CD2DFA44E4C2}.Debug|x64.Build.0 = Debug|Any CPU
		{026E72CA-AC6B-4FE2-8470-CD2DFA44E4C2}.Debug|x86.ActiveCfg = Debug|Any CPU
		{026E72CA-AC6B-4FE2-8470-CD2DFA44E4C2}.Debug|x86.Build.0 = Debug|Any CPU
		{026E72CA-AC6B-4FE2-8470-CD2DFA44E4C2}.Release|Any CPU.ActiveCfg = Release|Any CPU
		{026E72CA-AC6B-4FE2-8470-CD2DFA44E4C2}.Release|Any CPU.Build.0 = Release|Any CPU
		{026E72CA-AC6B-4FE2-8470-CD2DFA44E4C2}.Release|ARM.ActiveCfg = Release|Any CPU
		{026E72CA-AC6B-4FE2-8470-CD2DFA44E4C2}.Release|ARM.Build.0 = Release|Any CPU
		{026E72CA-AC6B-4FE2-8470-CD2DFA44E4C2}.Release|ARM64.ActiveCfg = Release|Any CPU
		{026E72CA-AC6B-4FE2-8470-CD2DFA44E4C2}.Release|ARM64.Build.0 = Release|Any CPU
		{026E72CA-AC6B-4FE2-8470-CD2DFA44E4C2}.Release|x64.ActiveCfg = Release|Any CPU
		{026E72CA-AC6B-4FE2-8470-CD2DFA44E4C2}.Release|x64.Build.0 = Release|Any CPU
		{026E72CA-AC6B-4FE2-8470-CD2DFA44E4C2}.Release|x86.ActiveCfg = Release|Any CPU
		{026E72CA-AC6B-4FE2-8470-CD2DFA44E4C2}.Release|x86.Build.0 = Release|Any CPU
		{DF53056D-BA70-444F-823B-2C1B051CC0C0}.Debug|Any CPU.ActiveCfg = Debug|Any CPU
		{DF53056D-BA70-444F-823B-2C1B051CC0C0}.Debug|Any CPU.Build.0 = Debug|Any CPU
		{DF53056D-BA70-444F-823B-2C1B051CC0C0}.Debug|ARM.ActiveCfg = Debug|Any CPU
		{DF53056D-BA70-444F-823B-2C1B051CC0C0}.Debug|ARM.Build.0 = Debug|Any CPU
		{DF53056D-BA70-444F-823B-2C1B051CC0C0}.Debug|ARM64.ActiveCfg = Debug|Any CPU
		{DF53056D-BA70-444F-823B-2C1B051CC0C0}.Debug|ARM64.Build.0 = Debug|Any CPU
		{DF53056D-BA70-444F-823B-2C1B051CC0C0}.Debug|x64.ActiveCfg = Debug|Any CPU
		{DF53056D-BA70-444F-823B-2C1B051CC0C0}.Debug|x64.Build.0 = Debug|Any CPU
		{DF53056D-BA70-444F-823B-2C1B051CC0C0}.Debug|x86.ActiveCfg = Debug|Any CPU
		{DF53056D-BA70-444F-823B-2C1B051CC0C0}.Debug|x86.Build.0 = Debug|Any CPU
		{DF53056D-BA70-444F-823B-2C1B051CC0C0}.Release|Any CPU.ActiveCfg = Release|Any CPU
		{DF53056D-BA70-444F-823B-2C1B051CC0C0}.Release|Any CPU.Build.0 = Release|Any CPU
		{DF53056D-BA70-444F-823B-2C1B051CC0C0}.Release|ARM.ActiveCfg = Release|Any CPU
		{DF53056D-BA70-444F-823B-2C1B051CC0C0}.Release|ARM.Build.0 = Release|Any CPU
		{DF53056D-BA70-444F-823B-2C1B051CC0C0}.Release|ARM64.ActiveCfg = Release|Any CPU
		{DF53056D-BA70-444F-823B-2C1B051CC0C0}.Release|ARM64.Build.0 = Release|Any CPU
		{DF53056D-BA70-444F-823B-2C1B051CC0C0}.Release|x64.ActiveCfg = Release|Any CPU
		{DF53056D-BA70-444F-823B-2C1B051CC0C0}.Release|x64.Build.0 = Release|Any CPU
		{DF53056D-BA70-444F-823B-2C1B051CC0C0}.Release|x86.ActiveCfg = Release|Any CPU
		{DF53056D-BA70-444F-823B-2C1B051CC0C0}.Release|x86.Build.0 = Release|Any CPU
		{BCDCA2A1-B725-4325-8E78-025E44EC6A49}.Debug|Any CPU.ActiveCfg = Debug|Any CPU
		{BCDCA2A1-B725-4325-8E78-025E44EC6A49}.Debug|Any CPU.Build.0 = Debug|Any CPU
		{BCDCA2A1-B725-4325-8E78-025E44EC6A49}.Debug|ARM.ActiveCfg = Debug|Any CPU
		{BCDCA2A1-B725-4325-8E78-025E44EC6A49}.Debug|ARM.Build.0 = Debug|Any CPU
		{BCDCA2A1-B725-4325-8E78-025E44EC6A49}.Debug|ARM64.ActiveCfg = Debug|Any CPU
		{BCDCA2A1-B725-4325-8E78-025E44EC6A49}.Debug|ARM64.Build.0 = Debug|Any CPU
		{BCDCA2A1-B725-4325-8E78-025E44EC6A49}.Debug|x64.ActiveCfg = Debug|Any CPU
		{BCDCA2A1-B725-4325-8E78-025E44EC6A49}.Debug|x64.Build.0 = Debug|Any CPU
		{BCDCA2A1-B725-4325-8E78-025E44EC6A49}.Debug|x86.ActiveCfg = Debug|Any CPU
		{BCDCA2A1-B725-4325-8E78-025E44EC6A49}.Debug|x86.Build.0 = Debug|Any CPU
		{BCDCA2A1-B725-4325-8E78-025E44EC6A49}.Release|Any CPU.ActiveCfg = Release|Any CPU
		{BCDCA2A1-B725-4325-8E78-025E44EC6A49}.Release|Any CPU.Build.0 = Release|Any CPU
		{BCDCA2A1-B725-4325-8E78-025E44EC6A49}.Release|ARM.ActiveCfg = Release|Any CPU
		{BCDCA2A1-B725-4325-8E78-025E44EC6A49}.Release|ARM.Build.0 = Release|Any CPU
		{BCDCA2A1-B725-4325-8E78-025E44EC6A49}.Release|ARM64.ActiveCfg = Release|Any CPU
		{BCDCA2A1-B725-4325-8E78-025E44EC6A49}.Release|ARM64.Build.0 = Release|Any CPU
		{BCDCA2A1-B725-4325-8E78-025E44EC6A49}.Release|x64.ActiveCfg = Release|Any CPU
		{BCDCA2A1-B725-4325-8E78-025E44EC6A49}.Release|x64.Build.0 = Release|Any CPU
		{BCDCA2A1-B725-4325-8E78-025E44EC6A49}.Release|x86.ActiveCfg = Release|Any CPU
		{BCDCA2A1-B725-4325-8E78-025E44EC6A49}.Release|x86.Build.0 = Release|Any CPU
		{23A1532E-F913-4878-A50A-3438D55CA4B2}.Debug|Any CPU.ActiveCfg = Debug|Any CPU
		{23A1532E-F913-4878-A50A-3438D55CA4B2}.Debug|Any CPU.Build.0 = Debug|Any CPU
		{23A1532E-F913-4878-A50A-3438D55CA4B2}.Debug|ARM.ActiveCfg = Debug|Any CPU
		{23A1532E-F913-4878-A50A-3438D55CA4B2}.Debug|ARM.Build.0 = Debug|Any CPU
		{23A1532E-F913-4878-A50A-3438D55CA4B2}.Debug|ARM64.ActiveCfg = Debug|Any CPU
		{23A1532E-F913-4878-A50A-3438D55CA4B2}.Debug|ARM64.Build.0 = Debug|Any CPU
		{23A1532E-F913-4878-A50A-3438D55CA4B2}.Debug|x64.ActiveCfg = Debug|Any CPU
		{23A1532E-F913-4878-A50A-3438D55CA4B2}.Debug|x64.Build.0 = Debug|Any CPU
		{23A1532E-F913-4878-A50A-3438D55CA4B2}.Debug|x86.ActiveCfg = Debug|Any CPU
		{23A1532E-F913-4878-A50A-3438D55CA4B2}.Debug|x86.Build.0 = Debug|Any CPU
		{23A1532E-F913-4878-A50A-3438D55CA4B2}.Release|Any CPU.ActiveCfg = Release|Any CPU
		{23A1532E-F913-4878-A50A-3438D55CA4B2}.Release|Any CPU.Build.0 = Release|Any CPU
		{23A1532E-F913-4878-A50A-3438D55CA4B2}.Release|ARM.ActiveCfg = Release|Any CPU
		{23A1532E-F913-4878-A50A-3438D55CA4B2}.Release|ARM.Build.0 = Release|Any CPU
		{23A1532E-F913-4878-A50A-3438D55CA4B2}.Release|ARM64.ActiveCfg = Release|Any CPU
		{23A1532E-F913-4878-A50A-3438D55CA4B2}.Release|ARM64.Build.0 = Release|Any CPU
		{23A1532E-F913-4878-A50A-3438D55CA4B2}.Release|x64.ActiveCfg = Release|Any CPU
		{23A1532E-F913-4878-A50A-3438D55CA4B2}.Release|x64.Build.0 = Release|Any CPU
		{23A1532E-F913-4878-A50A-3438D55CA4B2}.Release|x86.ActiveCfg = Release|Any CPU
		{23A1532E-F913-4878-A50A-3438D55CA4B2}.Release|x86.Build.0 = Release|Any CPU
		{1488A55F-FF32-4747-95B4-37CC3853FBA4}.Debug|Any CPU.ActiveCfg = Debug|Any CPU
		{1488A55F-FF32-4747-95B4-37CC3853FBA4}.Debug|Any CPU.Build.0 = Debug|Any CPU
		{1488A55F-FF32-4747-95B4-37CC3853FBA4}.Debug|ARM.ActiveCfg = Debug|Any CPU
		{1488A55F-FF32-4747-95B4-37CC3853FBA4}.Debug|ARM.Build.0 = Debug|Any CPU
		{1488A55F-FF32-4747-95B4-37CC3853FBA4}.Debug|ARM64.ActiveCfg = Debug|Any CPU
		{1488A55F-FF32-4747-95B4-37CC3853FBA4}.Debug|ARM64.Build.0 = Debug|Any CPU
		{1488A55F-FF32-4747-95B4-37CC3853FBA4}.Debug|x64.ActiveCfg = Debug|Any CPU
		{1488A55F-FF32-4747-95B4-37CC3853FBA4}.Debug|x64.Build.0 = Debug|Any CPU
		{1488A55F-FF32-4747-95B4-37CC3853FBA4}.Debug|x86.ActiveCfg = Debug|Any CPU
		{1488A55F-FF32-4747-95B4-37CC3853FBA4}.Debug|x86.Build.0 = Debug|Any CPU
		{1488A55F-FF32-4747-95B4-37CC3853FBA4}.Release|Any CPU.ActiveCfg = Release|Any CPU
		{1488A55F-FF32-4747-95B4-37CC3853FBA4}.Release|Any CPU.Build.0 = Release|Any CPU
		{1488A55F-FF32-4747-95B4-37CC3853FBA4}.Release|ARM.ActiveCfg = Release|Any CPU
		{1488A55F-FF32-4747-95B4-37CC3853FBA4}.Release|ARM.Build.0 = Release|Any CPU
		{1488A55F-FF32-4747-95B4-37CC3853FBA4}.Release|ARM64.ActiveCfg = Release|Any CPU
		{1488A55F-FF32-4747-95B4-37CC3853FBA4}.Release|ARM64.Build.0 = Release|Any CPU
		{1488A55F-FF32-4747-95B4-37CC3853FBA4}.Release|x64.ActiveCfg = Release|Any CPU
		{1488A55F-FF32-4747-95B4-37CC3853FBA4}.Release|x64.Build.0 = Release|Any CPU
		{1488A55F-FF32-4747-95B4-37CC3853FBA4}.Release|x86.ActiveCfg = Release|Any CPU
		{1488A55F-FF32-4747-95B4-37CC3853FBA4}.Release|x86.Build.0 = Release|Any CPU
		{B60D6B8B-E1E5-4344-AE78-050D7631787F}.Debug|Any CPU.ActiveCfg = Debug|Any CPU
		{B60D6B8B-E1E5-4344-AE78-050D7631787F}.Debug|Any CPU.Build.0 = Debug|Any CPU
		{B60D6B8B-E1E5-4344-AE78-050D7631787F}.Debug|ARM.ActiveCfg = Debug|Any CPU
		{B60D6B8B-E1E5-4344-AE78-050D7631787F}.Debug|ARM.Build.0 = Debug|Any CPU
		{B60D6B8B-E1E5-4344-AE78-050D7631787F}.Debug|ARM64.ActiveCfg = Debug|Any CPU
		{B60D6B8B-E1E5-4344-AE78-050D7631787F}.Debug|ARM64.Build.0 = Debug|Any CPU
		{B60D6B8B-E1E5-4344-AE78-050D7631787F}.Debug|x64.ActiveCfg = Debug|Any CPU
		{B60D6B8B-E1E5-4344-AE78-050D7631787F}.Debug|x64.Build.0 = Debug|Any CPU
		{B60D6B8B-E1E5-4344-AE78-050D7631787F}.Debug|x86.ActiveCfg = Debug|Any CPU
		{B60D6B8B-E1E5-4344-AE78-050D7631787F}.Debug|x86.Build.0 = Debug|Any CPU
		{B60D6B8B-E1E5-4344-AE78-050D7631787F}.Release|Any CPU.ActiveCfg = Release|Any CPU
		{B60D6B8B-E1E5-4344-AE78-050D7631787F}.Release|Any CPU.Build.0 = Release|Any CPU
		{B60D6B8B-E1E5-4344-AE78-050D7631787F}.Release|ARM.ActiveCfg = Release|Any CPU
		{B60D6B8B-E1E5-4344-AE78-050D7631787F}.Release|ARM.Build.0 = Release|Any CPU
		{B60D6B8B-E1E5-4344-AE78-050D7631787F}.Release|ARM64.ActiveCfg = Release|Any CPU
		{B60D6B8B-E1E5-4344-AE78-050D7631787F}.Release|ARM64.Build.0 = Release|Any CPU
		{B60D6B8B-E1E5-4344-AE78-050D7631787F}.Release|x64.ActiveCfg = Release|Any CPU
		{B60D6B8B-E1E5-4344-AE78-050D7631787F}.Release|x64.Build.0 = Release|Any CPU
		{B60D6B8B-E1E5-4344-AE78-050D7631787F}.Release|x86.ActiveCfg = Release|Any CPU
		{B60D6B8B-E1E5-4344-AE78-050D7631787F}.Release|x86.Build.0 = Release|Any CPU
		{B86C7269-21FB-477B-BE3F-7795A8E72B37}.Debug|Any CPU.ActiveCfg = Debug
		{B86C7269-21FB-477B-BE3F-7795A8E72B37}.Debug|ARM.ActiveCfg = Debug
		{B86C7269-21FB-477B-BE3F-7795A8E72B37}.Debug|ARM.Build.0 = Debug
		{B86C7269-21FB-477B-BE3F-7795A8E72B37}.Debug|ARM64.ActiveCfg = Debug
		{B86C7269-21FB-477B-BE3F-7795A8E72B37}.Debug|ARM64.Build.0 = Debug
		{B86C7269-21FB-477B-BE3F-7795A8E72B37}.Debug|x64.ActiveCfg = Debug
		{B86C7269-21FB-477B-BE3F-7795A8E72B37}.Debug|x64.Build.0 = Debug
		{B86C7269-21FB-477B-BE3F-7795A8E72B37}.Debug|x86.ActiveCfg = Debug
		{B86C7269-21FB-477B-BE3F-7795A8E72B37}.Debug|x86.Build.0 = Debug
		{B86C7269-21FB-477B-BE3F-7795A8E72B37}.Release|Any CPU.ActiveCfg = Release
		{B86C7269-21FB-477B-BE3F-7795A8E72B37}.Release|ARM.ActiveCfg = Release
		{B86C7269-21FB-477B-BE3F-7795A8E72B37}.Release|ARM.Build.0 = Release
		{B86C7269-21FB-477B-BE3F-7795A8E72B37}.Release|ARM64.ActiveCfg = Release
		{B86C7269-21FB-477B-BE3F-7795A8E72B37}.Release|ARM64.Build.0 = Release
		{B86C7269-21FB-477B-BE3F-7795A8E72B37}.Release|x64.ActiveCfg = Release
		{B86C7269-21FB-477B-BE3F-7795A8E72B37}.Release|x64.Build.0 = Release
		{B86C7269-21FB-477B-BE3F-7795A8E72B37}.Release|x86.ActiveCfg = Release
		{B86C7269-21FB-477B-BE3F-7795A8E72B37}.Release|x86.Build.0 = Release
		{18CCE755-25DF-405C-9E3C-FD694AD70C42}.Debug|Any CPU.ActiveCfg = Debug|Any CPU
		{18CCE755-25DF-405C-9E3C-FD694AD70C42}.Debug|Any CPU.Build.0 = Debug|Any CPU
		{18CCE755-25DF-405C-9E3C-FD694AD70C42}.Debug|ARM.ActiveCfg = Debug|Any CPU
		{18CCE755-25DF-405C-9E3C-FD694AD70C42}.Debug|ARM.Build.0 = Debug|Any CPU
		{18CCE755-25DF-405C-9E3C-FD694AD70C42}.Debug|ARM64.ActiveCfg = Debug|Any CPU
		{18CCE755-25DF-405C-9E3C-FD694AD70C42}.Debug|ARM64.Build.0 = Debug|Any CPU
		{18CCE755-25DF-405C-9E3C-FD694AD70C42}.Debug|x64.ActiveCfg = Debug|Any CPU
		{18CCE755-25DF-405C-9E3C-FD694AD70C42}.Debug|x64.Build.0 = Debug|Any CPU
		{18CCE755-25DF-405C-9E3C-FD694AD70C42}.Debug|x86.ActiveCfg = Debug|Any CPU
		{18CCE755-25DF-405C-9E3C-FD694AD70C42}.Debug|x86.Build.0 = Debug|Any CPU
		{18CCE755-25DF-405C-9E3C-FD694AD70C42}.Release|Any CPU.ActiveCfg = Release|Any CPU
		{18CCE755-25DF-405C-9E3C-FD694AD70C42}.Release|Any CPU.Build.0 = Release|Any CPU
		{18CCE755-25DF-405C-9E3C-FD694AD70C42}.Release|ARM.ActiveCfg = Release|Any CPU
		{18CCE755-25DF-405C-9E3C-FD694AD70C42}.Release|ARM.Build.0 = Release|Any CPU
		{18CCE755-25DF-405C-9E3C-FD694AD70C42}.Release|ARM64.ActiveCfg = Release|Any CPU
		{18CCE755-25DF-405C-9E3C-FD694AD70C42}.Release|ARM64.Build.0 = Release|Any CPU
		{18CCE755-25DF-405C-9E3C-FD694AD70C42}.Release|x64.ActiveCfg = Release|Any CPU
		{18CCE755-25DF-405C-9E3C-FD694AD70C42}.Release|x64.Build.0 = Release|Any CPU
		{18CCE755-25DF-405C-9E3C-FD694AD70C42}.Release|x86.ActiveCfg = Release|Any CPU
		{18CCE755-25DF-405C-9E3C-FD694AD70C42}.Release|x86.Build.0 = Release|Any CPU
		{A84A5B36-AE20-4B84-AC24-0F5DAC89D832}.Debug|Any CPU.ActiveCfg = Debug|Any CPU
		{A84A5B36-AE20-4B84-AC24-0F5DAC89D832}.Debug|Any CPU.Build.0 = Debug|Any CPU
		{A84A5B36-AE20-4B84-AC24-0F5DAC89D832}.Debug|ARM.ActiveCfg = Debug|Any CPU
		{A84A5B36-AE20-4B84-AC24-0F5DAC89D832}.Debug|ARM.Build.0 = Debug|Any CPU
		{A84A5B36-AE20-4B84-AC24-0F5DAC89D832}.Debug|ARM64.ActiveCfg = Debug|Any CPU
		{A84A5B36-AE20-4B84-AC24-0F5DAC89D832}.Debug|ARM64.Build.0 = Debug|Any CPU
		{A84A5B36-AE20-4B84-AC24-0F5DAC89D832}.Debug|x64.ActiveCfg = Debug|Any CPU
		{A84A5B36-AE20-4B84-AC24-0F5DAC89D832}.Debug|x64.Build.0 = Debug|Any CPU
		{A84A5B36-AE20-4B84-AC24-0F5DAC89D832}.Debug|x86.ActiveCfg = Debug|Any CPU
		{A84A5B36-AE20-4B84-AC24-0F5DAC89D832}.Debug|x86.Build.0 = Debug|Any CPU
		{A84A5B36-AE20-4B84-AC24-0F5DAC89D832}.Release|Any CPU.ActiveCfg = Release|Any CPU
		{A84A5B36-AE20-4B84-AC24-0F5DAC89D832}.Release|Any CPU.Build.0 = Release|Any CPU
		{A84A5B36-AE20-4B84-AC24-0F5DAC89D832}.Release|ARM.ActiveCfg = Release|Any CPU
		{A84A5B36-AE20-4B84-AC24-0F5DAC89D832}.Release|ARM.Build.0 = Release|Any CPU
		{A84A5B36-AE20-4B84-AC24-0F5DAC89D832}.Release|ARM64.ActiveCfg = Release|Any CPU
		{A84A5B36-AE20-4B84-AC24-0F5DAC89D832}.Release|ARM64.Build.0 = Release|Any CPU
		{A84A5B36-AE20-4B84-AC24-0F5DAC89D832}.Release|x64.ActiveCfg = Release|Any CPU
		{A84A5B36-AE20-4B84-AC24-0F5DAC89D832}.Release|x64.Build.0 = Release|Any CPU
		{A84A5B36-AE20-4B84-AC24-0F5DAC89D832}.Release|x86.ActiveCfg = Release|Any CPU
		{A84A5B36-AE20-4B84-AC24-0F5DAC89D832}.Release|x86.Build.0 = Release|Any CPU
		{B74ACEEE-1390-42EF-AB4E-ED93C89AC8B4}.Debug|Any CPU.ActiveCfg = Debug|Any CPU
		{B74ACEEE-1390-42EF-AB4E-ED93C89AC8B4}.Debug|Any CPU.Build.0 = Debug|Any CPU
		{B74ACEEE-1390-42EF-AB4E-ED93C89AC8B4}.Debug|ARM.ActiveCfg = Debug|Any CPU
		{B74ACEEE-1390-42EF-AB4E-ED93C89AC8B4}.Debug|ARM.Build.0 = Debug|Any CPU
		{B74ACEEE-1390-42EF-AB4E-ED93C89AC8B4}.Debug|ARM64.ActiveCfg = Debug|Any CPU
		{B74ACEEE-1390-42EF-AB4E-ED93C89AC8B4}.Debug|ARM64.Build.0 = Debug|Any CPU
		{B74ACEEE-1390-42EF-AB4E-ED93C89AC8B4}.Debug|x64.ActiveCfg = Debug|Any CPU
		{B74ACEEE-1390-42EF-AB4E-ED93C89AC8B4}.Debug|x64.Build.0 = Debug|Any CPU
		{B74ACEEE-1390-42EF-AB4E-ED93C89AC8B4}.Debug|x86.ActiveCfg = Debug|Any CPU
		{B74ACEEE-1390-42EF-AB4E-ED93C89AC8B4}.Debug|x86.Build.0 = Debug|Any CPU
		{B74ACEEE-1390-42EF-AB4E-ED93C89AC8B4}.Release|Any CPU.ActiveCfg = Release|Any CPU
		{B74ACEEE-1390-42EF-AB4E-ED93C89AC8B4}.Release|Any CPU.Build.0 = Release|Any CPU
		{B74ACEEE-1390-42EF-AB4E-ED93C89AC8B4}.Release|ARM.ActiveCfg = Release|Any CPU
		{B74ACEEE-1390-42EF-AB4E-ED93C89AC8B4}.Release|ARM.Build.0 = Release|Any CPU
		{B74ACEEE-1390-42EF-AB4E-ED93C89AC8B4}.Release|ARM64.ActiveCfg = Release|Any CPU
		{B74ACEEE-1390-42EF-AB4E-ED93C89AC8B4}.Release|ARM64.Build.0 = Release|Any CPU
		{B74ACEEE-1390-42EF-AB4E-ED93C89AC8B4}.Release|x64.ActiveCfg = Release|Any CPU
		{B74ACEEE-1390-42EF-AB4E-ED93C89AC8B4}.Release|x64.Build.0 = Release|Any CPU
		{B74ACEEE-1390-42EF-AB4E-ED93C89AC8B4}.Release|x86.ActiveCfg = Release|Any CPU
		{B74ACEEE-1390-42EF-AB4E-ED93C89AC8B4}.Release|x86.Build.0 = Release|Any CPU
		{08656788-8D50-483A-AA6C-CFBA56EAAB7A}.Debug|Any CPU.ActiveCfg = Debug|Any CPU
		{08656788-8D50-483A-AA6C-CFBA56EAAB7A}.Debug|Any CPU.Build.0 = Debug|Any CPU
		{08656788-8D50-483A-AA6C-CFBA56EAAB7A}.Debug|ARM.ActiveCfg = Debug|ARM
		{08656788-8D50-483A-AA6C-CFBA56EAAB7A}.Debug|ARM.Build.0 = Debug|ARM
		{08656788-8D50-483A-AA6C-CFBA56EAAB7A}.Debug|ARM64.ActiveCfg = Debug|ARM64
		{08656788-8D50-483A-AA6C-CFBA56EAAB7A}.Debug|ARM64.Build.0 = Debug|ARM64
		{08656788-8D50-483A-AA6C-CFBA56EAAB7A}.Debug|x64.ActiveCfg = Debug|x64
		{08656788-8D50-483A-AA6C-CFBA56EAAB7A}.Debug|x64.Build.0 = Debug|x64
		{08656788-8D50-483A-AA6C-CFBA56EAAB7A}.Debug|x86.ActiveCfg = Debug|x86
		{08656788-8D50-483A-AA6C-CFBA56EAAB7A}.Debug|x86.Build.0 = Debug|x86
		{08656788-8D50-483A-AA6C-CFBA56EAAB7A}.Release|Any CPU.ActiveCfg = Release|Any CPU
		{08656788-8D50-483A-AA6C-CFBA56EAAB7A}.Release|Any CPU.Build.0 = Release|Any CPU
		{08656788-8D50-483A-AA6C-CFBA56EAAB7A}.Release|ARM.ActiveCfg = Release|ARM
		{08656788-8D50-483A-AA6C-CFBA56EAAB7A}.Release|ARM.Build.0 = Release|ARM
		{08656788-8D50-483A-AA6C-CFBA56EAAB7A}.Release|ARM64.ActiveCfg = Release|ARM64
		{08656788-8D50-483A-AA6C-CFBA56EAAB7A}.Release|ARM64.Build.0 = Release|ARM64
		{08656788-8D50-483A-AA6C-CFBA56EAAB7A}.Release|x64.ActiveCfg = Release|x64
		{08656788-8D50-483A-AA6C-CFBA56EAAB7A}.Release|x64.Build.0 = Release|x64
		{08656788-8D50-483A-AA6C-CFBA56EAAB7A}.Release|x86.ActiveCfg = Release|x86
		{08656788-8D50-483A-AA6C-CFBA56EAAB7A}.Release|x86.Build.0 = Release|x86
		{DDB17B31-D92B-45E0-B010-00112CA21D10}.Debug|Any CPU.ActiveCfg = Debug|x86
		{DDB17B31-D92B-45E0-B010-00112CA21D10}.Debug|ARM.ActiveCfg = Debug|ARM
		{DDB17B31-D92B-45E0-B010-00112CA21D10}.Debug|ARM.Build.0 = Debug|ARM
		{DDB17B31-D92B-45E0-B010-00112CA21D10}.Debug|ARM.Deploy.0 = Debug|ARM
		{DDB17B31-D92B-45E0-B010-00112CA21D10}.Debug|ARM64.ActiveCfg = Debug|ARM64
		{DDB17B31-D92B-45E0-B010-00112CA21D10}.Debug|ARM64.Build.0 = Debug|ARM64
		{DDB17B31-D92B-45E0-B010-00112CA21D10}.Debug|ARM64.Deploy.0 = Debug|ARM64
		{DDB17B31-D92B-45E0-B010-00112CA21D10}.Debug|x64.ActiveCfg = Debug|x64
		{DDB17B31-D92B-45E0-B010-00112CA21D10}.Debug|x64.Build.0 = Debug|x64
		{DDB17B31-D92B-45E0-B010-00112CA21D10}.Debug|x64.Deploy.0 = Debug|x64
		{DDB17B31-D92B-45E0-B010-00112CA21D10}.Debug|x86.ActiveCfg = Debug|x86
		{DDB17B31-D92B-45E0-B010-00112CA21D10}.Debug|x86.Build.0 = Debug|x86
		{DDB17B31-D92B-45E0-B010-00112CA21D10}.Debug|x86.Deploy.0 = Debug|x86
		{DDB17B31-D92B-45E0-B010-00112CA21D10}.Release|Any CPU.ActiveCfg = Release|x86
		{DDB17B31-D92B-45E0-B010-00112CA21D10}.Release|ARM.ActiveCfg = Release|ARM
		{DDB17B31-D92B-45E0-B010-00112CA21D10}.Release|ARM.Build.0 = Release|ARM
		{DDB17B31-D92B-45E0-B010-00112CA21D10}.Release|ARM.Deploy.0 = Release|ARM
		{DDB17B31-D92B-45E0-B010-00112CA21D10}.Release|ARM64.ActiveCfg = Release|ARM64
		{DDB17B31-D92B-45E0-B010-00112CA21D10}.Release|ARM64.Build.0 = Release|ARM64
		{DDB17B31-D92B-45E0-B010-00112CA21D10}.Release|ARM64.Deploy.0 = Release|ARM64
		{DDB17B31-D92B-45E0-B010-00112CA21D10}.Release|x64.ActiveCfg = Release|x64
		{DDB17B31-D92B-45E0-B010-00112CA21D10}.Release|x64.Build.0 = Release|x64
		{DDB17B31-D92B-45E0-B010-00112CA21D10}.Release|x64.Deploy.0 = Release|x64
		{DDB17B31-D92B-45E0-B010-00112CA21D10}.Release|x86.ActiveCfg = Release|x86
		{DDB17B31-D92B-45E0-B010-00112CA21D10}.Release|x86.Build.0 = Release|x86
		{DDB17B31-D92B-45E0-B010-00112CA21D10}.Release|x86.Deploy.0 = Release|x86
		{C175841F-C9AA-4BD2-B209-1ACD64674EAA}.Debug|Any CPU.ActiveCfg = Debug|Any CPU
		{C175841F-C9AA-4BD2-B209-1ACD64674EAA}.Debug|Any CPU.Build.0 = Debug|Any CPU
		{C175841F-C9AA-4BD2-B209-1ACD64674EAA}.Debug|ARM.ActiveCfg = Debug|ARM
		{C175841F-C9AA-4BD2-B209-1ACD64674EAA}.Debug|ARM.Build.0 = Debug|ARM
		{C175841F-C9AA-4BD2-B209-1ACD64674EAA}.Debug|ARM64.ActiveCfg = Debug|ARM64
		{C175841F-C9AA-4BD2-B209-1ACD64674EAA}.Debug|ARM64.Build.0 = Debug|ARM64
		{C175841F-C9AA-4BD2-B209-1ACD64674EAA}.Debug|x64.ActiveCfg = Debug|x64
		{C175841F-C9AA-4BD2-B209-1ACD64674EAA}.Debug|x64.Build.0 = Debug|x64
		{C175841F-C9AA-4BD2-B209-1ACD64674EAA}.Debug|x86.ActiveCfg = Debug|x86
		{C175841F-C9AA-4BD2-B209-1ACD64674EAA}.Debug|x86.Build.0 = Debug|x86
		{C175841F-C9AA-4BD2-B209-1ACD64674EAA}.Release|Any CPU.ActiveCfg = Release|Any CPU
		{C175841F-C9AA-4BD2-B209-1ACD64674EAA}.Release|Any CPU.Build.0 = Release|Any CPU
		{C175841F-C9AA-4BD2-B209-1ACD64674EAA}.Release|ARM.ActiveCfg = Release|ARM
		{C175841F-C9AA-4BD2-B209-1ACD64674EAA}.Release|ARM.Build.0 = Release|ARM
		{C175841F-C9AA-4BD2-B209-1ACD64674EAA}.Release|ARM64.ActiveCfg = Release|ARM64
		{C175841F-C9AA-4BD2-B209-1ACD64674EAA}.Release|ARM64.Build.0 = Release|ARM64
		{C175841F-C9AA-4BD2-B209-1ACD64674EAA}.Release|x64.ActiveCfg = Release|x64
		{C175841F-C9AA-4BD2-B209-1ACD64674EAA}.Release|x64.Build.0 = Release|x64
		{C175841F-C9AA-4BD2-B209-1ACD64674EAA}.Release|x86.ActiveCfg = Release|x86
		{C175841F-C9AA-4BD2-B209-1ACD64674EAA}.Release|x86.Build.0 = Release|x86
		{F294B42A-5CF1-4F5E-8CE6-EFB88BAD11B2}.Debug|Any CPU.ActiveCfg = Debug|Any CPU
		{F294B42A-5CF1-4F5E-8CE6-EFB88BAD11B2}.Debug|Any CPU.Build.0 = Debug|Any CPU
		{F294B42A-5CF1-4F5E-8CE6-EFB88BAD11B2}.Debug|ARM.ActiveCfg = Debug|Any CPU
		{F294B42A-5CF1-4F5E-8CE6-EFB88BAD11B2}.Debug|ARM.Build.0 = Debug|Any CPU
		{F294B42A-5CF1-4F5E-8CE6-EFB88BAD11B2}.Debug|ARM64.ActiveCfg = Debug|Any CPU
		{F294B42A-5CF1-4F5E-8CE6-EFB88BAD11B2}.Debug|ARM64.Build.0 = Debug|Any CPU
		{F294B42A-5CF1-4F5E-8CE6-EFB88BAD11B2}.Debug|x64.ActiveCfg = Debug|Any CPU
		{F294B42A-5CF1-4F5E-8CE6-EFB88BAD11B2}.Debug|x64.Build.0 = Debug|Any CPU
		{F294B42A-5CF1-4F5E-8CE6-EFB88BAD11B2}.Debug|x86.ActiveCfg = Debug|Any CPU
		{F294B42A-5CF1-4F5E-8CE6-EFB88BAD11B2}.Debug|x86.Build.0 = Debug|Any CPU
		{F294B42A-5CF1-4F5E-8CE6-EFB88BAD11B2}.Release|Any CPU.ActiveCfg = Release|Any CPU
		{F294B42A-5CF1-4F5E-8CE6-EFB88BAD11B2}.Release|Any CPU.Build.0 = Release|Any CPU
		{F294B42A-5CF1-4F5E-8CE6-EFB88BAD11B2}.Release|ARM.ActiveCfg = Release|Any CPU
		{F294B42A-5CF1-4F5E-8CE6-EFB88BAD11B2}.Release|ARM.Build.0 = Release|Any CPU
		{F294B42A-5CF1-4F5E-8CE6-EFB88BAD11B2}.Release|ARM64.ActiveCfg = Release|Any CPU
		{F294B42A-5CF1-4F5E-8CE6-EFB88BAD11B2}.Release|ARM64.Build.0 = Release|Any CPU
		{F294B42A-5CF1-4F5E-8CE6-EFB88BAD11B2}.Release|x64.ActiveCfg = Release|Any CPU
		{F294B42A-5CF1-4F5E-8CE6-EFB88BAD11B2}.Release|x64.Build.0 = Release|Any CPU
		{F294B42A-5CF1-4F5E-8CE6-EFB88BAD11B2}.Release|x86.ActiveCfg = Release|Any CPU
		{F294B42A-5CF1-4F5E-8CE6-EFB88BAD11B2}.Release|x86.Build.0 = Release|Any CPU
		{7BF68B11-A852-4E33-9807-96805E53F8F9}.Debug|Any CPU.ActiveCfg = Debug|Any CPU
		{7BF68B11-A852-4E33-9807-96805E53F8F9}.Debug|Any CPU.Build.0 = Debug|Any CPU
		{7BF68B11-A852-4E33-9807-96805E53F8F9}.Debug|ARM.ActiveCfg = Debug|Any CPU
		{7BF68B11-A852-4E33-9807-96805E53F8F9}.Debug|ARM.Build.0 = Debug|Any CPU
		{7BF68B11-A852-4E33-9807-96805E53F8F9}.Debug|ARM64.ActiveCfg = Debug|Any CPU
		{7BF68B11-A852-4E33-9807-96805E53F8F9}.Debug|ARM64.Build.0 = Debug|Any CPU
		{7BF68B11-A852-4E33-9807-96805E53F8F9}.Debug|x64.ActiveCfg = Debug|Any CPU
		{7BF68B11-A852-4E33-9807-96805E53F8F9}.Debug|x64.Build.0 = Debug|Any CPU
		{7BF68B11-A852-4E33-9807-96805E53F8F9}.Debug|x86.ActiveCfg = Debug|Any CPU
		{7BF68B11-A852-4E33-9807-96805E53F8F9}.Debug|x86.Build.0 = Debug|Any CPU
		{7BF68B11-A852-4E33-9807-96805E53F8F9}.Release|Any CPU.ActiveCfg = Release|Any CPU
		{7BF68B11-A852-4E33-9807-96805E53F8F9}.Release|Any CPU.Build.0 = Release|Any CPU
		{7BF68B11-A852-4E33-9807-96805E53F8F9}.Release|ARM.ActiveCfg = Release|Any CPU
		{7BF68B11-A852-4E33-9807-96805E53F8F9}.Release|ARM.Build.0 = Release|Any CPU
		{7BF68B11-A852-4E33-9807-96805E53F8F9}.Release|ARM64.ActiveCfg = Release|Any CPU
		{7BF68B11-A852-4E33-9807-96805E53F8F9}.Release|ARM64.Build.0 = Release|Any CPU
		{7BF68B11-A852-4E33-9807-96805E53F8F9}.Release|x64.ActiveCfg = Release|Any CPU
		{7BF68B11-A852-4E33-9807-96805E53F8F9}.Release|x64.Build.0 = Release|Any CPU
		{7BF68B11-A852-4E33-9807-96805E53F8F9}.Release|x86.ActiveCfg = Release|Any CPU
		{7BF68B11-A852-4E33-9807-96805E53F8F9}.Release|x86.Build.0 = Release|Any CPU
	EndGlobalSection
	GlobalSection(SolutionProperties) = preSolution
		HideSolutionNode = FALSE
	EndGlobalSection
	GlobalSection(ExtensibilityGlobals) = postSolution
		SolutionGuid = {C75B19A2-DC66-4590-A6C8-635C33C0726D}
	EndGlobalSection
EndGlobal
