
Microsoft Visual Studio Solution File, Format Version 12.00
# Visual Studio 15
Project("{FAE04EC0-301F-11D3-BF4B-00C04F79EFBC}") = "Tricycle.Diagnostics", "Tricycle.Diagnostics\Tricycle.Diagnostics.csproj", "{EEE33ED0-2D2E-419F-BABB-3825B6AB620B}"
EndProject
Project("{FAE04EC0-301F-11D3-BF4B-00C04F79EFBC}") = "Tricycle.Media", "Tricycle.Media\Tricycle.Media.csproj", "{879F9F92-4A54-4F41-82BD-17D7E55CAC6B}"
EndProject
Project("{FAE04EC0-301F-11D3-BF4B-00C04F79EFBC}") = "Tricycle.Media.FFmpeg", "Tricycle.Media.FFmpeg\Tricycle.Media.FFmpeg.csproj", "{FF03A145-405E-4C92-8B1B-401946EA6E61}"
EndProject
Project("{FAE04EC0-301F-11D3-BF4B-00C04F79EFBC}") = "Tricycle.Diagnostics.Tests", "Tricycle.Diagnostics.Tests\Tricycle.Diagnostics.Tests.csproj", "{69BC8363-403E-4B7A-A9E4-ADAFF1B747DF}"
EndProject
Project("{FAE04EC0-301F-11D3-BF4B-00C04F79EFBC}") = "Tricycle.Media.FFmpeg.Tests", "Tricycle.Media.FFmpeg.Tests\Tricycle.Media.FFmpeg.Tests.csproj", "{9F6871C2-51A8-4809-BC04-84967A2847A0}"
EndProject
Project("{FAE04EC0-301F-11D3-BF4B-00C04F79EFBC}") = "Tricycle.IO", "Tricycle.IO\Tricycle.IO.csproj", "{8E31720E-E9C1-4D3F-AA41-F70F0AD78CED}"
EndProject
Project("{FAE04EC0-301F-11D3-BF4B-00C04F79EFBC}") = "Tricycle.IO.macOS", "Tricycle.IO.macOS\Tricycle.IO.macOS.csproj", "{E303680C-0FFB-4CE6-AD29-482FAB318438}"
EndProject
Project("{FAE04EC0-301F-11D3-BF4B-00C04F79EFBC}") = "Tricycle.UI", "Tricycle.UI\Tricycle.UI.csproj", "{2318EE49-B396-40AC-8D09-58104D2ABB67}"
EndProject
Project("{FAE04EC0-301F-11D3-BF4B-00C04F79EFBC}") = "Tricycle.UI.macOS", "Tricycle.UI.macOS\Tricycle.UI.macOS.csproj", "{E47E3DE2-BD86-4D6A-B977-280C9D325444}"
EndProject
Global
	GlobalSection(SolutionConfigurationPlatforms) = preSolution
		Debug|iPhoneSimulator = Debug|iPhoneSimulator
		Release|iPhoneSimulator = Release|iPhoneSimulator
		Debug|iPhone = Debug|iPhone
		Release|iPhone = Release|iPhone
		Debug|Any CPU = Debug|Any CPU
		Release|Any CPU = Release|Any CPU
	EndGlobalSection
	GlobalSection(ProjectConfigurationPlatforms) = postSolution
		{EEE33ED0-2D2E-419F-BABB-3825B6AB620B}.Debug|Any CPU.ActiveCfg = Debug|Any CPU
		{EEE33ED0-2D2E-419F-BABB-3825B6AB620B}.Debug|Any CPU.Build.0 = Debug|Any CPU
		{EEE33ED0-2D2E-419F-BABB-3825B6AB620B}.Release|Any CPU.ActiveCfg = Release|Any CPU
		{EEE33ED0-2D2E-419F-BABB-3825B6AB620B}.Release|Any CPU.Build.0 = Release|Any CPU
		{879F9F92-4A54-4F41-82BD-17D7E55CAC6B}.Debug|Any CPU.ActiveCfg = Debug|Any CPU
		{879F9F92-4A54-4F41-82BD-17D7E55CAC6B}.Debug|Any CPU.Build.0 = Debug|Any CPU
		{879F9F92-4A54-4F41-82BD-17D7E55CAC6B}.Release|Any CPU.ActiveCfg = Release|Any CPU
		{879F9F92-4A54-4F41-82BD-17D7E55CAC6B}.Release|Any CPU.Build.0 = Release|Any CPU
		{FF03A145-405E-4C92-8B1B-401946EA6E61}.Debug|Any CPU.ActiveCfg = Debug|Any CPU
		{FF03A145-405E-4C92-8B1B-401946EA6E61}.Debug|Any CPU.Build.0 = Debug|Any CPU
		{FF03A145-405E-4C92-8B1B-401946EA6E61}.Release|Any CPU.ActiveCfg = Release|Any CPU
		{FF03A145-405E-4C92-8B1B-401946EA6E61}.Release|Any CPU.Build.0 = Release|Any CPU
		{69BC8363-403E-4B7A-A9E4-ADAFF1B747DF}.Debug|Any CPU.ActiveCfg = Debug|Any CPU
		{69BC8363-403E-4B7A-A9E4-ADAFF1B747DF}.Debug|Any CPU.Build.0 = Debug|Any CPU
		{69BC8363-403E-4B7A-A9E4-ADAFF1B747DF}.Release|Any CPU.ActiveCfg = Release|Any CPU
		{69BC8363-403E-4B7A-A9E4-ADAFF1B747DF}.Release|Any CPU.Build.0 = Release|Any CPU
		{9F6871C2-51A8-4809-BC04-84967A2847A0}.Debug|Any CPU.ActiveCfg = Debug|Any CPU
		{9F6871C2-51A8-4809-BC04-84967A2847A0}.Debug|Any CPU.Build.0 = Debug|Any CPU
		{9F6871C2-51A8-4809-BC04-84967A2847A0}.Release|Any CPU.ActiveCfg = Release|Any CPU
		{9F6871C2-51A8-4809-BC04-84967A2847A0}.Release|Any CPU.Build.0 = Release|Any CPU
		{8E31720E-E9C1-4D3F-AA41-F70F0AD78CED}.Debug|Any CPU.ActiveCfg = Debug|Any CPU
		{8E31720E-E9C1-4D3F-AA41-F70F0AD78CED}.Debug|Any CPU.Build.0 = Debug|Any CPU
		{8E31720E-E9C1-4D3F-AA41-F70F0AD78CED}.Release|Any CPU.ActiveCfg = Release|Any CPU
		{8E31720E-E9C1-4D3F-AA41-F70F0AD78CED}.Release|Any CPU.Build.0 = Release|Any CPU
		{E303680C-0FFB-4CE6-AD29-482FAB318438}.Debug|Any CPU.ActiveCfg = Debug|Any CPU
		{E303680C-0FFB-4CE6-AD29-482FAB318438}.Debug|Any CPU.Build.0 = Debug|Any CPU
		{E303680C-0FFB-4CE6-AD29-482FAB318438}.Release|Any CPU.ActiveCfg = Release|Any CPU
		{E303680C-0FFB-4CE6-AD29-482FAB318438}.Release|Any CPU.Build.0 = Release|Any CPU
		{2318EE49-B396-40AC-8D09-58104D2ABB67}.Debug|Any CPU.ActiveCfg = Debug|Any CPU
		{2318EE49-B396-40AC-8D09-58104D2ABB67}.Debug|Any CPU.Build.0 = Debug|Any CPU
		{2318EE49-B396-40AC-8D09-58104D2ABB67}.Release|Any CPU.ActiveCfg = Release|Any CPU
		{2318EE49-B396-40AC-8D09-58104D2ABB67}.Release|Any CPU.Build.0 = Release|Any CPU
		{E47E3DE2-BD86-4D6A-B977-280C9D325444}.Debug|Any CPU.ActiveCfg = Debug|Any CPU
		{E47E3DE2-BD86-4D6A-B977-280C9D325444}.Debug|Any CPU.Build.0 = Debug|Any CPU
		{E47E3DE2-BD86-4D6A-B977-280C9D325444}.Release|Any CPU.ActiveCfg = Release|Any CPU
		{E47E3DE2-BD86-4D6A-B977-280C9D325444}.Release|Any CPU.Build.0 = Release|Any CPU
	EndGlobalSection
EndGlobal
